
Microsoft Visual Studio Solution File, Format Version 12.00
# Visual Studio Version 16
VisualStudioVersion = 16.0.29021.104
MinimumVisualStudioVersion = 10.0.40219.1
Project("{FAE04EC0-301F-11D3-BF4B-00C04F79EFBC}") = "BlazorSweeper", "BlazorSweeper\BlazorSweeper.csproj", "{1504382C-DE67-40E9-87D2-B5C79DB56ECF}"
EndProject
Global
	GlobalSection(SolutionConfigurationPlatforms) = preSolution
		Debug|Any CPU = Debug|Any CPU
		Release|Any CPU = Release|Any CPU
	EndGlobalSection
	GlobalSection(ProjectConfigurationPlatforms) = postSolution
		{1504382C-DE67-40E9-87D2-B5C79DB56ECF}.Debug|Any CPU.ActiveCfg = Debug|Any CPU
		{1504382C-DE67-40E9-87D2-B5C79DB56ECF}.Debug|Any CPU.Build.0 = Debug|Any CPU
		{1504382C-DE67-40E9-87D2-B5C79DB56ECF}.Release|Any CPU.ActiveCfg = Release|Any CPU
		{1504382C-DE67-40E9-87D2-B5C79DB56ECF}.Release|Any CPU.Build.0 = Release|Any CPU
	EndGlobalSection
	GlobalSection(SolutionProperties) = preSolution
		HideSolutionNode = FALSE
	EndGlobalSection
	GlobalSection(ExtensibilityGlobals) = postSolution
		SolutionGuid = {5E1CEDC9-6C1F-4E26-AE30-7E066F9CF798}
	EndGlobalSection
EndGlobal
